{
  "name": "Wave-Function-Collapse",
  "lockfileVersion": 2,
  "requires": true,
  "packages": {
    "": {
      "devDependencies": {
        "@types/p5": "^1.4.2"
      }
    },
    "node_modules/@types/p5": {
      "version": "1.4.2",
      "resolved": "https://registry.npmjs.org/@types/p5/-/p5-1.4.2.tgz",
      "integrity": "sha512-tzJ2PdmeXlX8tidbA1/pQEhs0MHVWam0K4ux5ri0GrZXhBU3QrpTpSVzNaBDuo6KheryHdH8wR82x1nPvxo42g==",
      "dev": true
    }
  },
  "dependencies": {
    "@types/p5": {
      "version": "1.4.2",
      "resolved": "https://registry.npmjs.org/@types/p5/-/p5-1.4.2.tgz",
      "integrity": "sha512-tzJ2PdmeXlX8tidbA1/pQEhs0MHVWam0K4ux5ri0GrZXhBU3QrpTpSVzNaBDuo6KheryHdH8wR82x1nPvxo42g==",
      "dev": true
    }
  }
}
